
Microsoft Visual Studio Solution File, Format Version 12.00
Project("{FAE04EC0-301F-11D3-BF4B-00C04F79EFBC}") = "VseVerification", "VseVerification.csproj", "{B12E0414-BF76-416A-A94E-48CC27D02A76}"
EndProject
Global
	GlobalSection(SolutionConfigurationPlatforms) = preSolution
		Debug|Any CPU = Debug|Any CPU
		Release|Any CPU = Release|Any CPU
	EndGlobalSection
	GlobalSection(ProjectConfigurationPlatforms) = postSolution
		{B12E0414-BF76-416A-A94E-48CC27D02A76}.Debug|Any CPU.ActiveCfg = Debug|Any CPU
		{B12E0414-BF76-416A-A94E-48CC27D02A76}.Debug|Any CPU.Build.0 = Debug|Any CPU
		{B12E0414-BF76-416A-A94E-48CC27D02A76}.Release|Any CPU.ActiveCfg = Release|Any CPU
		{B12E0414-BF76-416A-A94E-48CC27D02A76}.Release|Any CPU.Build.0 = Release|Any CPU
	EndGlobalSection
EndGlobal
